
Microsoft Visual Studio Solution File, Format Version 12.00
Project("{FAE04EC0-301F-11D3-BF4B-00C04F79EFBC}") = "Cloud.Framework.Core", "src\Cloud.Framework.Core\Cloud.Framework.Core.csproj", "{DD2EF48A-2225-45EE-972B-223DC5C75D07}"
EndProject
Project("{FAE04EC0-301F-11D3-BF4B-00C04F79EFBC}") = "Cloud.Framework.MicroService.Health", "src\Cloud.Framework.MicroService.Health\Cloud.Framework.MicroService.Health.csproj", "{1DC57038-36B3-4CA5-9A3A-AE846F58972D}"
EndProject
Project("{2150E333-8FDC-42A3-9474-1A3956D46DE8}") = "Unit Tests", "Unit Tests", "{67A13783-BB8B-4AE4-ABF0-4C4518149B55}"
EndProject
Project("{FAE04EC0-301F-11D3-BF4B-00C04F79EFBC}") = "Cloud.Framework.Core.Tests", "tests\Cloud.Framework.Core.Tests\Cloud.Framework.Core.Tests.csproj", "{42B05D1B-CDF6-49E3-B2BE-671C10E68BBA}"
EndProject
Project("{2150E333-8FDC-42A3-9474-1A3956D46DE8}") = "Tools", "Tools", "{CFC660BC-9D34-4F6E-BF93-D449BD7369C1}"
EndProject
Project("{FAE04EC0-301F-11D3-BF4B-00C04F79EFBC}") = "Cloud.Framework.Persistence.Abstractions", "src\Cloud.Framework.Persistence.Abstractions\Cloud.Framework.Persistence.Abstractions.csproj", "{721327AE-8E51-46E0-A805-9F88ACE480BF}"
EndProject
Project("{FAE04EC0-301F-11D3-BF4B-00C04F79EFBC}") = "Cloud.Framework.Persistence.Abstractions.Tests", "tests\Cloud.Framework.Persistence.Abstractions.Tests\Cloud.Framework.Persistence.Abstractions.Tests.csproj", "{AEA93468-B64C-4212-B6F5-67416BF2C3D8}"
EndProject
Project("{9A19103F-16F7-4668-BE54-9A1E7A4F7556}") = "build", "build\build.csproj", "{266FE22D-EF62-4476-A491-042BE73D70BA}"
EndProject
Global
	GlobalSection(SolutionConfigurationPlatforms) = preSolution
		Debug|Any CPU = Debug|Any CPU
		Release|Any CPU = Release|Any CPU
	EndGlobalSection
	GlobalSection(ProjectConfigurationPlatforms) = postSolution
		{266FE22D-EF62-4476-A491-042BE73D70BA}.Debug|Any CPU.ActiveCfg = Debug|Any CPU
		{266FE22D-EF62-4476-A491-042BE73D70BA}.Release|Any CPU.ActiveCfg = Release|Any CPU
		{DD2EF48A-2225-45EE-972B-223DC5C75D07}.Debug|Any CPU.ActiveCfg = Debug|Any CPU
		{DD2EF48A-2225-45EE-972B-223DC5C75D07}.Debug|Any CPU.Build.0 = Debug|Any CPU
		{DD2EF48A-2225-45EE-972B-223DC5C75D07}.Release|Any CPU.ActiveCfg = Release|Any CPU
		{DD2EF48A-2225-45EE-972B-223DC5C75D07}.Release|Any CPU.Build.0 = Release|Any CPU
		{1DC57038-36B3-4CA5-9A3A-AE846F58972D}.Debug|Any CPU.ActiveCfg = Debug|Any CPU
		{1DC57038-36B3-4CA5-9A3A-AE846F58972D}.Debug|Any CPU.Build.0 = Debug|Any CPU
		{1DC57038-36B3-4CA5-9A3A-AE846F58972D}.Release|Any CPU.ActiveCfg = Release|Any CPU
		{1DC57038-36B3-4CA5-9A3A-AE846F58972D}.Release|Any CPU.Build.0 = Release|Any CPU
		{42B05D1B-CDF6-49E3-B2BE-671C10E68BBA}.Debug|Any CPU.ActiveCfg = Debug|Any CPU
		{42B05D1B-CDF6-49E3-B2BE-671C10E68BBA}.Debug|Any CPU.Build.0 = Debug|Any CPU
		{42B05D1B-CDF6-49E3-B2BE-671C10E68BBA}.Release|Any CPU.ActiveCfg = Release|Any CPU
		{42B05D1B-CDF6-49E3-B2BE-671C10E68BBA}.Release|Any CPU.Build.0 = Release|Any CPU
		{721327AE-8E51-46E0-A805-9F88ACE480BF}.Debug|Any CPU.ActiveCfg = Debug|Any CPU
		{721327AE-8E51-46E0-A805-9F88ACE480BF}.Debug|Any CPU.Build.0 = Debug|Any CPU
		{721327AE-8E51-46E0-A805-9F88ACE480BF}.Release|Any CPU.ActiveCfg = Release|Any CPU
		{721327AE-8E51-46E0-A805-9F88ACE480BF}.Release|Any CPU.Build.0 = Release|Any CPU
		{AEA93468-B64C-4212-B6F5-67416BF2C3D8}.Debug|Any CPU.ActiveCfg = Debug|Any CPU
		{AEA93468-B64C-4212-B6F5-67416BF2C3D8}.Debug|Any CPU.Build.0 = Debug|Any CPU
		{AEA93468-B64C-4212-B6F5-67416BF2C3D8}.Release|Any CPU.ActiveCfg = Release|Any CPU
		{AEA93468-B64C-4212-B6F5-67416BF2C3D8}.Release|Any CPU.Build.0 = Release|Any CPU
	EndGlobalSection
	GlobalSection(NestedProjects) = preSolution
		{42B05D1B-CDF6-49E3-B2BE-671C10E68BBA} = {67A13783-BB8B-4AE4-ABF0-4C4518149B55}
		{AEA93468-B64C-4212-B6F5-67416BF2C3D8} = {67A13783-BB8B-4AE4-ABF0-4C4518149B55}
	EndGlobalSection
EndGlobal
