
Microsoft Visual Studio Solution File, Format Version 12.00
Project("{FAE04EC0-301F-11D3-BF4B-00C04F79EFBC}") = "Cloud.Framework.Core", "src\Cloud.Framework.Core\Cloud.Framework.Core.csproj", "{DD2EF48A-2225-45EE-972B-223DC5C75D07}"
EndProject
Global
	GlobalSection(SolutionConfigurationPlatforms) = preSolution
		Debug|Any CPU = Debug|Any CPU
		Release|Any CPU = Release|Any CPU
	EndGlobalSection
	GlobalSection(ProjectConfigurationPlatforms) = postSolution
		{DD2EF48A-2225-45EE-972B-223DC5C75D07}.Debug|Any CPU.ActiveCfg = Debug|Any CPU
		{DD2EF48A-2225-45EE-972B-223DC5C75D07}.Debug|Any CPU.Build.0 = Debug|Any CPU
		{DD2EF48A-2225-45EE-972B-223DC5C75D07}.Release|Any CPU.ActiveCfg = Release|Any CPU
		{DD2EF48A-2225-45EE-972B-223DC5C75D07}.Release|Any CPU.Build.0 = Release|Any CPU
	EndGlobalSection
EndGlobal
